// !$*UTF8*$!
{
	archiveVersion = 1;
	classes = {
	};
	objectVersion = 46;
	objects = {

/* Begin PBXBuildFile section */
		8CC8B0F318B94F4800AF3330 /* Foundation.framework in Frameworks */ = {isa = PBXBuildFile; fileRef = 8CC8B0F218B94F4800AF3330 /* Foundation.framework */; };
		8CC8B0F518B94F4800AF3330 /* CoreGraphics.framework in Frameworks */ = {isa = PBXBuildFile; fileRef = 8CC8B0F418B94F4800AF3330 /* CoreGraphics.framework */; };
		8CC8B0F718B94F4800AF3330 /* UIKit.framework in Frameworks */ = {isa = PBXBuildFile; fileRef = 8CC8B0F618B94F4800AF3330 /* UIKit.framework */; };
		8CC8B0FD18B94F4800AF3330 /* InfoPlist.strings in Resources */ = {isa = PBXBuildFile; fileRef = 8CC8B0FB18B94F4800AF3330 /* InfoPlist.strings */; };
		8CC8B0FF18B94F4800AF3330 /* main.m in Sources */ = {isa = PBXBuildFile; fileRef = 8CC8B0FE18B94F4800AF3330 /* main.m */; };
		8CC8B10318B94F4800AF3330 /* TDLAppDelegate.m in Sources */ = {isa = PBXBuildFile; fileRef = 8CC8B10218B94F4800AF3330 /* TDLAppDelegate.m */; };
		8CC8B10518B94F4800AF3330 /* Images.xcassets in Resources */ = {isa = PBXBuildFile; fileRef = 8CC8B10418B94F4800AF3330 /* Images.xcassets */; };
		8CC8B10C18B94F4800AF3330 /* XCTest.framework in Frameworks */ = {isa = PBXBuildFile; fileRef = 8CC8B10B18B94F4800AF3330 /* XCTest.framework */; };
		8CC8B10D18B94F4800AF3330 /* Foundation.framework in Frameworks */ = {isa = PBXBuildFile; fileRef = 8CC8B0F218B94F4800AF3330 /* Foundation.framework */; };
		8CC8B10E18B94F4800AF3330 /* UIKit.framework in Frameworks */ = {isa = PBXBuildFile; fileRef = 8CC8B0F618B94F4800AF3330 /* UIKit.framework */; };
		8CC8B11618B94F4900AF3330 /* InfoPlist.strings in Resources */ = {isa = PBXBuildFile; fileRef = 8CC8B11418B94F4900AF3330 /* InfoPlist.strings */; };
		8CC8B11818B94F4900AF3330 /* ToDoListTests.m in Sources */ = {isa = PBXBuildFile; fileRef = 8CC8B11718B94F4900AF3330 /* ToDoListTests.m */; };
/* End PBXBuildFile section */

/* Begin PBXContainerItemProxy section */
		8CC8B10F18B94F4900AF3330 /* PBXContainerItemProxy */ = {
			isa = PBXContainerItemProxy;
			containerPortal = 8CC8B0E718B94F4800AF3330 /* Project object */;
			proxyType = 1;
			remoteGlobalIDString = 8CC8B0EE18B94F4800AF3330;
			remoteInfo = ToDoList;
		};
/* End PBXContainerItemProxy section */

/* Begin PBXFileReference section */
		8CC8B0EF18B94F4800AF3330 /* ToDoList.app */ = {isa = PBXFileReference; explicitFileType = wrapper.application; includeInIndex = 0; path = ToDoList.app; sourceTree = BUILT_PRODUCTS_DIR; };
		8CC8B0F218B94F4800AF3330 /* Foundation.framework */ = {isa = PBXFileReference; lastKnownFileType = wrapper.framework; name = Foundation.framework; path = System/Library/Frameworks/Foundation.framework; sourceTree = SDKROOT; };
		8CC8B0F418B94F4800AF3330 /* CoreGraphics.framework */ = {isa = PBXFileReference; lastKnownFileType = wrapper.framework; name = CoreGraphics.framework; path = System/Library/Frameworks/CoreGraphics.framework; sourceTree = SDKROOT; };
		8CC8B0F618B94F4800AF3330 /* UIKit.framework */ = {isa = PBXFileReference; lastKnownFileType = wrapper.framework; name = UIKit.framework; path = System/Library/Frameworks/UIKit.framework; sourceTree = SDKROOT; };
		8CC8B0FA18B94F4800AF3330 /* ToDoList-Info.plist */ = {isa = PBXFileReference; lastKnownFileType = text.plist.xml; path = "ToDoList-Info.plist"; sourceTree = "<group>"; };
		8CC8B0FC18B94F4800AF3330 /* en */ = {isa = PBXFileReference; lastKnownFileType = text.plist.strings; name = en; path = en.lproj/InfoPlist.strings; sourceTree = "<group>"; };
		8CC8B0FE18B94F4800AF3330 /* main.m */ = {isa = PBXFileReference; lastKnownFileType = sourcecode.c.objc; path = main.m; sourceTree = "<group>"; };
		8CC8B10018B94F4800AF3330 /* ToDoList-Prefix.pch */ = {isa = PBXFileReference; lastKnownFileType = sourcecode.c.h; path = "ToDoList-Prefix.pch"; sourceTree = "<group>"; };
		8CC8B10118B94F4800AF3330 /* TDLAppDelegate.h */ = {isa = PBXFileReference; lastKnownFileType = sourcecode.c.h; path = TDLAppDelegate.h; sourceTree = "<group>"; };
		8CC8B10218B94F4800AF3330 /* TDLAppDelegate.m */ = {isa = PBXFileReference; lastKnownFileType = sourcecode.c.objc; path = TDLAppDelegate.m; sourceTree = "<group>"; };
		8CC8B10418B94F4800AF3330 /* Images.xcassets */ = {isa = PBXFileReference; lastKnownFileType = folder.assetcatalog; path = Images.xcassets; sourceTree = "<group>"; };
		8CC8B10A18B94F4800AF3330 /* ToDoListTests.xctest */ = {isa = PBXFileReference; explicitFileType = wrapper.cfbundle; includeInIndex = 0; path = ToDoListTests.xctest; sourceTree = BUILT_PRODUCTS_DIR; };
		8CC8B10B18B94F4800AF3330 /* XCTest.framework */ = {isa = PBXFileReference; lastKnownFileType = wrapper.framework; name = XCTest.framework; path = Library/Frameworks/XCTest.framework; sourceTree = DEVELOPER_DIR; };
		8CC8B11318B94F4900AF3330 /* ToDoListTests-Info.plist */ = {isa = PBXFileReference; lastKnownFileType = text.plist.xml; path = "ToDoListTests-Info.plist"; sourceTree = "<group>"; };
		8CC8B11518B94F4900AF3330 /* en */ = {isa = PBXFileReference; lastKnownFileType = text.plist.strings; name = en; path = en.lproj/InfoPlist.strings; sourceTree = "<group>"; };
		8CC8B11718B94F4900AF3330 /* ToDoListTests.m */ = {isa = PBXFileReference; lastKnownFileType = sourcecode.c.objc; path = ToDoListTests.m; sourceTree = "<group>"; };
/* End PBXFileReference section */

/* Begin PBXFrameworksBuildPhase section */
		8CC8B0EC18B94F4800AF3330 /* Frameworks */ = {
			isa = PBXFrameworksBuildPhase;
			buildActionMask = 2147483647;
			files = (
				8CC8B0F518B94F4800AF3330 /* CoreGraphics.framework in Frameworks */,
				8CC8B0F718B94F4800AF3330 /* UIKit.framework in Frameworks */,
				8CC8B0F318B94F4800AF3330 /* Foundation.framework in Frameworks */,
			);
			runOnlyForDeploymentPostprocessing = 0;
		};
		8CC8B10718B94F4800AF3330 /* Frameworks */ = {
			isa = PBXFrameworksBuildPhase;
			buildActionMask = 2147483647;
			files = (
				8CC8B10C18B94F4800AF3330 /* XCTest.framework in Frameworks */,
				8CC8B10E18B94F4800AF3330 /* UIKit.framework in Frameworks */,
				8CC8B10D18B94F4800AF3330 /* Foundation.framework in Frameworks */,
			);
			runOnlyForDeploymentPostprocessing = 0;
		};
/* End PBXFrameworksBuildPhase section */

/* Begin PBXGroup section */
		8CC8B0E618B94F4800AF3330 = {
			isa = PBXGroup;
			children = (
				8CC8B0F818B94F4800AF3330 /* ToDoList */,
				8CC8B11118B94F4900AF3330 /* ToDoListTests */,
				8CC8B0F118B94F4800AF3330 /* Frameworks */,
				8CC8B0F018B94F4800AF3330 /* Products */,
			);
			sourceTree = "<group>";
		};
		8CC8B0F018B94F4800AF3330 /* Products */ = {
			isa = PBXGroup;
			children = (
				8CC8B0EF18B94F4800AF3330 /* ToDoList.app */,
				8CC8B10A18B94F4800AF3330 /* ToDoListTests.xctest */,
			);
			name = Products;
			sourceTree = "<group>";
		};
		8CC8B0F118B94F4800AF3330 /* Frameworks */ = {
			isa = PBXGroup;
			children = (
				8CC8B0F218B94F4800AF3330 /* Foundation.framework */,
				8CC8B0F418B94F4800AF3330 /* CoreGraphics.framework */,
				8CC8B0F618B94F4800AF3330 /* UIKit.framework */,
				8CC8B10B18B94F4800AF3330 /* XCTest.framework */,
			);
			name = Frameworks;
			sourceTree = "<group>";
		};
		8CC8B0F818B94F4800AF3330 /* ToDoList */ = {
			isa = PBXGroup;
			children = (
				8CC8B10118B94F4800AF3330 /* TDLAppDelegate.h */,
				8CC8B10218B94F4800AF3330 /* TDLAppDelegate.m */,
				8CC8B10418B94F4800AF3330 /* Images.xcassets */,
				8CC8B0F918B94F4800AF3330 /* Supporting Files */,
			);
			path = ToDoList;
			sourceTree = "<group>";
		};
		8CC8B0F918B94F4800AF3330 /* Supporting Files */ = {
			isa = PBXGroup;
			children = (
				8CC8B0FA18B94F4800AF3330 /* ToDoList-Info.plist */,
				8CC8B0FB18B94F4800AF3330 /* InfoPlist.strings */,
				8CC8B0FE18B94F4800AF3330 /* main.m */,
				8CC8B10018B94F4800AF3330 /* ToDoList-Prefix.pch */,
			);
			name = "Supporting Files";
			sourceTree = "<group>";
		};
		8CC8B11118B94F4900AF3330 /* ToDoListTests */ = {
			isa = PBXGroup;
			children = (
				8CC8B11718B94F4900AF3330 /* ToDoListTests.m */,
				8CC8B11218B94F4900AF3330 /* Supporting Files */,
			);
			path = ToDoListTests;
			sourceTree = "<group>";
		};
		8CC8B11218B94F4900AF3330 /* Supporting Files */ = {
			isa = PBXGroup;
			children = (
				8CC8B11318B94F4900AF3330 /* ToDoListTests-Info.plist */,
				8CC8B11418B94F4900AF3330 /* InfoPlist.strings */,
			);
			name = "Supporting Files";
			sourceTree = "<group>";
		};
/* End PBXGroup section */

/* Begin PBXNativeTarget section */
		8CC8B0EE18B94F4800AF3330 /* ToDoList */ = {
			isa = PBXNativeTarget;
			buildConfigurationList = 8CC8B11B18B94F4900AF3330 /* Build configuration list for PBXNativeTarget "ToDoList" */;
			buildPhases = (
				8CC8B0EB18B94F4800AF3330 /* Sources */,
				8CC8B0EC18B94F4800AF3330 /* Frameworks */,
				8CC8B0ED18B94F4800AF3330 /* Resources */,
			);
			buildRules = (
			);
			dependencies = (
			);
			name = ToDoList;
			productName = ToDoList;
			productReference = 8CC8B0EF18B94F4800AF3330 /* ToDoList.app */;
			productType = "com.apple.product-type.application";
		};
		8CC8B10918B94F4800AF3330 /* ToDoListTests */ = {
			isa = PBXNativeTarget;
			buildConfigurationList = 8CC8B11E18B94F4900AF3330 /* Build configuration list for PBXNativeTarget "ToDoListTests" */;
			buildPhases = (
				8CC8B10618B94F4800AF3330 /* Sources */,
				8CC8B10718B94F4800AF3330 /* Frameworks */,
				8CC8B10818B94F4800AF3330 /* Resources */,
			);
			buildRules = (
			);
			dependencies = (
				8CC8B11018B94F4900AF3330 /* PBXTargetDependency */,
			);
			name = ToDoListTests;
			productName = ToDoListTests;
			productReference = 8CC8B10A18B94F4800AF3330 /* ToDoListTests.xctest */;
			productType = "com.apple.product-type.bundle.unit-test";
		};
/* End PBXNativeTarget section */

/* Begin PBXProject section */
		8CC8B0E718B94F4800AF3330 /* Project object */ = {
			isa = PBXProject;
			attributes = {
				CLASSPREFIX = TDL;
				LastUpgradeCheck = 0500;
				ORGANIZATIONNAME = "Jonah Sutton-Morse";
				TargetAttributes = {
					8CC8B10918B94F4800AF3330 = {
						TestTargetID = 8CC8B0EE18B94F4800AF3330;
					};
				};
			};
			buildConfigurationList = 8CC8B0EA18B94F4800AF3330 /* Build configuration list for PBXProject "ToDoList" */;
			compatibilityVersion = "Xcode 3.2";
			developmentRegion = English;
			hasScannedForEncodings = 0;
			knownRegions = (
				en,
			);
			mainGroup = 8CC8B0E618B94F4800AF3330;
			productRefGroup = 8CC8B0F018B94F4800AF3330 /* Products */;
			projectDirPath = "";
			projectRoot = "";
			targets = (
				8CC8B0EE18B94F4800AF3330 /* ToDoList */,
				8CC8B10918B94F4800AF3330 /* ToDoListTests */,
			);
		};
/* End PBXProject section */

/* Begin PBXResourcesBuildPhase section */
		8CC8B0ED18B94F4800AF3330 /* Resources */ = {
			isa = PBXResourcesBuildPhase;
			buildActionMask = 2147483647;
			files = (
				8CC8B0FD18B94F4800AF3330 /* InfoPlist.strings in Resources */,
				8CC8B10518B94F4800AF3330 /* Images.xcassets in Resources */,
			);
			runOnlyForDeploymentPostprocessing = 0;
		};
		8CC8B10818B94F4800AF3330 /* Resources */ = {
			isa = PBXResourcesBuildPhase;
			buildActionMask = 2147483647;
			files = (
				8CC8B11618B94F4900AF3330 /* InfoPlist.strings in Resources */,
			);
			runOnlyForDeploymentPostprocessing = 0;
		};
/* End PBXResourcesBuildPhase section */

/* Begin PBXSourcesBuildPhase section */
		8CC8B0EB18B94F4800AF3330 /* Sources */ = {
			isa = PBXSourcesBuildPhase;
			buildActionMask = 2147483647;
			files = (
				8CC8B0FF18B94F4800AF3330 /* main.m in Sources */,
				8CC8B10318B94F4800AF3330 /* TDLAppDelegate.m in Sources */,
			);
			runOnlyForDeploymentPostprocessing = 0;
		};
		8CC8B10618B94F4800AF3330 /* Sources */ = {
			isa = PBXSourcesBuildPhase;
			buildActionMask = 2147483647;
			files = (
				8CC8B11818B94F4900AF3330 /* ToDoListTests.m in Sources */,
			);
			runOnlyForDeploymentPostprocessing = 0;
		};
/* End PBXSourcesBuildPhase section */

/* Begin PBXTargetDependency section */
		8CC8B11018B94F4900AF3330 /* PBXTargetDependency */ = {
			isa = PBXTargetDependency;
			target = 8CC8B0EE18B94F4800AF3330 /* ToDoList */;
			targetProxy = 8CC8B10F18B94F4900AF3330 /* PBXContainerItemProxy */;
		};
/* End PBXTargetDependency section */

/* Begin PBXVariantGroup section */
		8CC8B0FB18B94F4800AF3330 /* InfoPlist.strings */ = {
			isa = PBXVariantGroup;
			children = (
				8CC8B0FC18B94F4800AF3330 /* en */,
			);
			name = InfoPlist.strings;
			sourceTree = "<group>";
		};
		8CC8B11418B94F4900AF3330 /* InfoPlist.strings */ = {
			isa = PBXVariantGroup;
			children = (
				8CC8B11518B94F4900AF3330 /* en */,
			);
			name = InfoPlist.strings;
			sourceTree = "<group>";
		};
/* End PBXVariantGroup section */

/* Begin XCBuildConfiguration section */
		8CC8B11918B94F4900AF3330 /* Debug */ = {
			isa = XCBuildConfiguration;
			buildSettings = {
				ALWAYS_SEARCH_USER_PATHS = NO;
				ARCHS = "$(ARCHS_STANDARD_INCLUDING_64_BIT)";
				CLANG_CXX_LANGUAGE_STANDARD = "gnu++0x";
				CLANG_CXX_LIBRARY = "libc++";
				CLANG_ENABLE_MODULES = YES;
				CLANG_ENABLE_OBJC_ARC = YES;
				CLANG_WARN_BOOL_CONVERSION = YES;
				CLANG_WARN_CONSTANT_CONVERSION = YES;
				CLANG_WARN_DIRECT_OBJC_ISA_USAGE = YES_ERROR;
				CLANG_WARN_EMPTY_BODY = YES;
				CLANG_WARN_ENUM_CONVERSION = YES;
				CLANG_WARN_INT_CONVERSION = YES;
				CLANG_WARN_OBJC_ROOT_CLASS = YES_ERROR;
				CLANG_WARN__DUPLICATE_METHOD_MATCH = YES;
				"CODE_SIGN_IDENTITY[sdk=iphoneos*]" = "iPhone Developer";
				COPY_PHASE_STRIP = NO;
				GCC_C_LANGUAGE_STANDARD = gnu99;
				GCC_DYNAMIC_NO_PIC = NO;
				GCC_OPTIMIZATION_LEVEL = 0;
				GCC_PREPROCESSOR_DEFINITIONS = (
					"DEBUG=1",
					"$(inherited)",
				);
				GCC_SYMBOLS_PRIVATE_EXTERN = NO;
				GCC_WARN_64_TO_32_BIT_CONVERSION = YES;
				GCC_WARN_ABOUT_RETURN_TYPE = YES_ERROR;
				GCC_WARN_UNDECLARED_SELECTOR = YES;
				GCC_WARN_UNINITIALIZED_AUTOS = YES;
				GCC_WARN_UNUSED_FUNCTION = YES;
				GCC_WARN_UNUSED_VARIABLE = YES;
				IPHONEOS_DEPLOYMENT_TARGET = 7.0;
				ONLY_ACTIVE_ARCH = YES;
				SDKROOT = iphoneos;
			};
			name = Debug;
		};
		8CC8B11A18B94F4900AF3330 /* Release */ = {
			isa = XCBuildConfiguration;
			buildSettings = {
				ALWAYS_SEARCH_USER_PATHS = NO;
				ARCHS = "$(ARCHS_STANDARD_INCLUDING_64_BIT)";
				CLANG_CXX_LANGUAGE_STANDARD = "gnu++0x";
				CLANG_CXX_LIBRARY = "libc++";
				CLANG_ENABLE_MODULES = YES;
				CLANG_ENABLE_OBJC_ARC = YES;
				CLANG_WARN_BOOL_CONVERSION = YES;
				CLANG_WARN_CONSTANT_CONVERSION = YES;
				CLANG_WARN_DIRECT_OBJC_ISA_USAGE = YES_ERROR;
				CLANG_WARN_EMPTY_BODY = YES;
				CLANG_WARN_ENUM_CONVERSION = YES;
				CLANG_WARN_INT_CONVERSION = YES;
				CLANG_WARN_OBJC_ROOT_CLASS = YES_ERROR;
				CLANG_WARN__DUPLICATE_METHOD_MATCH = YES;
				"CODE_SIGN_IDENTITY[sdk=iphoneos*]" = "iPhone Developer";
				COPY_PHASE_STRIP = YES;
				ENABLE_NS_ASSERTIONS = NO;
				GCC_C_LANGUAGE_STANDARD = gnu99;
				GCC_WARN_64_TO_32_BIT_CONVERSION = YES;
				GCC_WARN_ABOUT_RETURN_TYPE = YES_ERROR;
				GCC_WARN_UNDECLARED_SELECTOR = YES;
				GCC_WARN_UNINITIALIZED_AUTOS = YES;
				GCC_WARN_UNUSED_FUNCTION = YES;
				GCC_WARN_UNUSED_VARIABLE = YES;
				IPHONEOS_DEPLOYMENT_TARGET = 7.0;
				SDKROOT = iphoneos;
				VALIDATE_PRODUCT = YES;
			};
			name = Release;
		};
		8CC8B11C18B94F4900AF3330 /* Debug */ = {
			isa = XCBuildConfiguration;
			buildSettings = {
				ASSETCATALOG_COMPILER_APPICON_NAME = AppIcon;
				ASSETCATALOG_COMPILER_LAUNCHIMAGE_NAME = LaunchImage;
				GCC_PRECOMPILE_PREFIX_HEADER = YES;
				GCC_PREFIX_HEADER = "ToDoList/ToDoList-Prefix.pch";
				INFOPLIST_FILE = "ToDoList/ToDoList-Info.plist";
				PRODUCT_NAME = "$(TARGET_NAME)";
				TARGETED_DEVICE_FAMILY = 1;
				WRAPPER_EXTENSION = app;
			};
			name = Debug;
		};
		8CC8B11D18B94F4900AF3330 /* Release */ = {
			isa = XCBuildConfiguration;
			buildSettings = {
				ASSETCATALOG_COMPILER_APPICON_NAME = AppIcon;
				ASSETCATALOG_COMPILER_LAUNCHIMAGE_NAME = LaunchImage;
				GCC_PRECOMPILE_PREFIX_HEADER = YES;
				GCC_PREFIX_HEADER = "ToDoList/ToDoList-Prefix.pch";
				INFOPLIST_FILE = "ToDoList/ToDoList-Info.plist";
				PRODUCT_NAME = "$(TARGET_NAME)";
				TARGETED_DEVICE_FAMILY = 1;
				WRAPPER_EXTENSION = app;
			};
			name = Release;
		};
		8CC8B11F18B94F4900AF3330 /* Debug */ = {
			isa = XCBuildConfiguration;
			buildSettings = {
				ARCHS = "$(ARCHS_STANDARD_INCLUDING_64_BIT)";
				BUNDLE_LOADER = "$(BUILT_PRODUCTS_DIR)/ToDoList.app/ToDoList";
				FRAMEWORK_SEARCH_PATHS = (
					"$(SDKROOT)/Developer/Library/Frameworks",
					"$(inherited)",
					"$(DEVELOPER_FRAMEWORKS_DIR)",
				);
				GCC_PRECOMPILE_PREFIX_HEADER = YES;
				GCC_PREFIX_HEADER = "ToDoList/ToDoList-Prefix.pch";
				GCC_PREPROCESSOR_DEFINITIONS = (
					"DEBUG=1",
					"$(inherited)",
				);
				INFOPLIST_FILE = "ToDoListTests/ToDoListTests-Info.plist";
				PRODUCT_NAME = "$(TARGET_NAME)";
				TEST_HOST = "$(BUNDLE_LOADER)";
				WRAPPER_EXTENSION = xctest;
			};
			name = Debug;
		};
		8CC8B12018B94F4900AF3330 /* Release */ = {
			isa = XCBuildConfiguration;
			buildSettings = {
				ARCHS = "$(ARCHS_STANDARD_INCLUDING_64_BIT)";
				BUNDLE_LOADER = "$(BUILT_PRODUCTS_DIR)/ToDoList.app/ToDoList";
				FRAMEWORK_SEARCH_PATHS = (
					"$(SDKROOT)/Developer/Library/Frameworks",
					"$(inherited)",
					"$(DEVELOPER_FRAMEWORKS_DIR)",
				);
				GCC_PRECOMPILE_PREFIX_HEADER = YES;
				GCC_PREFIX_HEADER = "ToDoList/ToDoList-Prefix.pch";
				INFOPLIST_FILE = "ToDoListTests/ToDoListTests-Info.plist";
				PRODUCT_NAME = "$(TARGET_NAME)";
				TEST_HOST = "$(BUNDLE_LOADER)";
				WRAPPER_EXTENSION = xctest;
			};
			name = Release;
		};
/* End XCBuildConfiguration section */

/* Begin XCConfigurationList section */
		8CC8B0EA18B94F4800AF3330 /* Build configuration list for PBXProject "ToDoList" */ = {
			isa = XCConfigurationList;
			buildConfigurations = (
				8CC8B11918B94F4900AF3330 /* Debug */,
				8CC8B11A18B94F4900AF3330 /* Release */,
			);
			defaultConfigurationIsVisible = 0;
			defaultConfigurationName = Release;
		};
		8CC8B11B18B94F4900AF3330 /* Build configuration list for PBXNativeTarget "ToDoList" */ = {
			isa = XCConfigurationList;
			buildConfigurations = (
				8CC8B11C18B94F4900AF3330 /* Debug */,
				8CC8B11D18B94F4900AF3330 /* Release */,
			);
			defaultConfigurationIsVisible = 0;
		};
		8CC8B11E18B94F4900AF3330 /* Build configuration list for PBXNativeTarget "ToDoListTests" */ = {
			isa = XCConfigurationList;
			buildConfigurations = (
				8CC8B11F18B94F4900AF3330 /* Debug */,
				8CC8B12018B94F4900AF3330 /* Release */,
			);
			defaultConfigurationIsVisible = 0;
		};
/* End XCConfigurationList section */
	};
	rootObject = 8CC8B0E718B94F4800AF3330 /* Project object */;
}
